PODS:
  - ExpoFpCommon (3.0.6)

DEPENDENCIES:
  - ExpoFpCommon (= 3.0.6)

SPEC REPOS:
  https://github.com/CocoaPods/Specs.git:
    - ExpoFpCommon

SPEC CHECKSUMS:
  ExpoFpCommon: ce768d492cf4e054714d98666f5d6a5f3cc463b0

PODFILE CHECKSUM: 65b5fdba5a9630504f4f4dcef6287e81aa809197

COCOAPODS: 1.11.3
