PODS:
  - ExpoFpCommon (4.0.3)

DEPENDENCIES:
  - ExpoFpCommon (= 4.0.3)

SPEC REPOS:
  https://github.com/CocoaPods/Specs.git:
    - ExpoFpCommon

SPEC CHECKSUMS:
  ExpoFpCommon: a1813daa0e33470e1960546ec9d7923a4c5871fa

PODFILE CHECKSUM: 7f1ae9710054c9bd921bf9842b81505fbfb5a229

COCOAPODS: 1.11.3
